Microsoft Visual Studio Solution File, Format Version 12.00
# Visual Studio Version 17
VisualStudioVersion = 17.5.2.0
MinimumVisualStudioVersion = 10.0.40219.1
Project("{FAE04EC0-301F-11D3-BF4B-00C04F79EFBC}") = "MeetingManagement", "MeetingManagement.csproj", "{BD5A3088-2AC9-6016-4D6D-99373BCE7111}"
EndProject
Global
	GlobalSection(SolutionConfigurationPlatforms) = preSolution
		Debug|Any CPU = Debug|Any CPU
		Release|Any CPU = Release|Any CPU
	EndGlobalSection
	GlobalSection(ProjectConfigurationPlatforms) = postSolution
		{BD5A3088-2AC9-6016-4D6D-99373BCE7111}.Debug|Any CPU.ActiveCfg = Debug|Any CPU
		{BD5A3088-2AC9-6016-4D6D-99373BCE7111}.Debug|Any CPU.Build.0 = Debug|Any CPU
		{BD5A3088-2AC9-6016-4D6D-99373BCE7111}.Release|Any CPU.ActiveCfg = Release|Any CPU
		{BD5A3088-2AC9-6016-4D6D-99373BCE7111}.Release|Any CPU.Build.0 = Release|Any CPU
	EndGlobalSection
	GlobalSection(SolutionProperties) = preSolution
		HideSolutionNode = FALSE
	EndGlobalSection
	GlobalSection(ExtensibilityGlobals) = postSolution
		SolutionGuid = {F2E3B664-6DA8-4EAC-992B-99D76DFA6294}
	EndGlobalSection
EndGlobal
